{
  "name": "sfs2x-api-defs-hg",
  "version": "1.0.1",
  "lockfileVersion": 3,
  "requires": true,
  "packages": {
    "": {
      "name": "sfs2x-api-defs-hg",
      "version": "1.0.1",
      "license": "ISC",
      "dependencies": {
        "sfs2x-api-defs": "../sfs2x-api-defs"
      }
    },
    "../sfs2x-api-defs": {
      "version": "1.0.1",
      "license": "ISC",
      "dependencies": {
        "sfs2x-api": "^1.8.0",
        "ws": "^8.16.0"
      }
    },
    "node_modules/sfs2x-api-defs": {
      "resolved": "../sfs2x-api-defs",
      "link": true
    }
  }
}
